// !$*UTF8*$!
{
	archiveVersion = 1;
	classes = {
	};
	objectVersion = 48;
	objects = {

/* Begin PBXBuildFile section */
		1F53AC50202EA3D8008014FF /* AppDelegate.swift in Sources */ = {isa = PBXBuildFile; fileRef = 1F53AC4F202EA3D8008014FF /* AppDelegate.swift */; };
		1F53AC52202EA3D8008014FF /* GameScene.sks in Resources */ = {isa = PBXBuildFile; fileRef = 1F53AC51202EA3D8008014FF /* GameScene.sks */; };
		1F53AC54202EA3D8008014FF /* Actions.sks in Resources */ = {isa = PBXBuildFile; fileRef = 1F53AC53202EA3D8008014FF /* Actions.sks */; };
		1F53AC56202EA3D8008014FF /* GameScene.swift in Sources */ = {isa = PBXBuildFile; fileRef = 1F53AC55202EA3D8008014FF /* GameScene.swift */; };
		1F53AC58202EA3D8008014FF /* GameViewController.swift in Sources */ = {isa = PBXBuildFile; fileRef = 1F53AC57202EA3D8008014FF /* GameViewController.swift */; };
		1F53AC5B202EA3D8008014FF /* Main.storyboard in Resources */ = {isa = PBXBuildFile; fileRef = 1F53AC59202EA3D8008014FF /* Main.storyboard */; };
		1F53AC5D202EA3D8008014FF /* Assets.xcassets in Resources */ = {isa = PBXBuildFile; fileRef = 1F53AC5C202EA3D8008014FF /* Assets.xcassets */; };
		1F53AC60202EA3D8008014FF /* LaunchScreen.storyboard in Resources */ = {isa = PBXBuildFile; fileRef = 1F53AC5E202EA3D8008014FF /* LaunchScreen.storyboard */; };
		1F53AC6D20322FB4008014FF /* mrreow.mp3 in Resources */ = {isa = PBXBuildFile; fileRef = 1F53AC6820322FB4008014FF /* mrreow.mp3 */; };
		1F53AC6E20322FB4008014FF /* pop.mp3 in Resources */ = {isa = PBXBuildFile; fileRef = 1F53AC6920322FB4008014FF /* pop.mp3 */; };
		1F53AC6F20322FB4008014FF /* win.mp3 in Resources */ = {isa = PBXBuildFile; fileRef = 1F53AC6A20322FB4008014FF /* win.mp3 */; };
		1F53AC7020322FB4008014FF /* lose.mp3 in Resources */ = {isa = PBXBuildFile; fileRef = 1F53AC6B20322FB4008014FF /* lose.mp3 */; };
		1F53AC7120322FB4008014FF /* backgroundMusic.mp3 in Resources */ = {isa = PBXBuildFile; fileRef = 1F53AC6C20322FB4008014FF /* backgroundMusic.mp3 */; };
		1F53AC742032369B008014FF /* Cat.sks in Resources */ = {isa = PBXBuildFile; fileRef = 1F53AC732032369B008014FF /* Cat.sks */; };
/* End PBXBuildFile section */

/* Begin PBXFileReference section */
		1F53AC4C202EA3D8008014FF /* CatNap.app */ = {isa = PBXFileReference; explicitFileType = wrapper.application; includeInIndex = 0; path = CatNap.app; sourceTree = BUILT_PRODUCTS_DIR; };
		1F53AC4F202EA3D8008014FF /* AppDelegate.swift */ = {isa = PBXFileReference; lastKnownFileType = sourcecode.swift; path = AppDelegate.swift; sourceTree = "<group>"; };
		1F53AC51202EA3D8008014FF /* GameScene.sks */ = {isa = PBXFileReference; lastKnownFileType = file.sks; path = GameScene.sks; sourceTree = "<group>"; };
		1F53AC53202EA3D8008014FF /* Actions.sks */ = {isa = PBXFileReference; lastKnownFileType = file.sks; path = Actions.sks; sourceTree = "<group>"; };
		1F53AC55202EA3D8008014FF /* GameScene.swift */ = {isa = PBXFileReference; lastKnownFileType = sourcecode.swift; path = GameScene.swift; sourceTree = "<group>"; };
		1F53AC57202EA3D8008014FF /* GameViewController.swift */ = {isa = PBXFileReference; lastKnownFileType = sourcecode.swift; path = GameViewController.swift; sourceTree = "<group>"; };
		1F53AC5A202EA3D8008014FF /* Base */ = {isa = PBXFileReference; lastKnownFileType = file.storyboard; name = Base; path = Base.lproj/Main.storyboard; sourceTree = "<group>"; };
		1F53AC5C202EA3D8008014FF /* Assets.xcassets */ = {isa = PBXFileReference; lastKnownFileType = folder.assetcatalog; path = Assets.xcassets; sourceTree = "<group>"; };
		1F53AC5F202EA3D8008014FF /* Base */ = {isa = PBXFileReference; lastKnownFileType = file.storyboard; name = Base; path = Base.lproj/LaunchScreen.storyboard; sourceTree = "<group>"; };
		1F53AC61202EA3D8008014FF /* Info.plist */ = {isa = PBXFileReference; lastKnownFileType = text.plist.xml; path = Info.plist; sourceTree = "<group>"; };
		1F53AC6820322FB4008014FF /* mrreow.mp3 */ = {isa = PBXFileReference; lastKnownFileType = audio.mp3; path = mrreow.mp3; sourceTree = "<group>"; };
		1F53AC6920322FB4008014FF /* pop.mp3 */ = {isa = PBXFileReference; lastKnownFileType = audio.mp3; path = pop.mp3; sourceTree = "<group>"; };
		1F53AC6A20322FB4008014FF /* win.mp3 */ = {isa = PBXFileReference; lastKnownFileType = audio.mp3; path = win.mp3; sourceTree = "<group>"; };
		1F53AC6B20322FB4008014FF /* lose.mp3 */ = {isa = PBXFileReference; lastKnownFileType = audio.mp3; path = lose.mp3; sourceTree = "<group>"; };
		1F53AC6C20322FB4008014FF /* backgroundMusic.mp3 */ = {isa = PBXFileReference; lastKnownFileType = audio.mp3; path = backgroundMusic.mp3; sourceTree = "<group>"; };
		1F53AC732032369B008014FF /* Cat.sks */ = {isa = PBXFileReference; lastKnownFileType = file.sks; path = Cat.sks; sourceTree = "<group>"; };
/* End PBXFileReference section */

/* Begin PBXFrameworksBuildPhase section */
		1F53AC49202EA3D8008014FF /* Frameworks */ = {
			isa = PBXFrameworksBuildPhase;
			buildActionMask = 2147483647;
			files = (
			);
			runOnlyForDeploymentPostprocessing = 0;
		};
/* End PBXFrameworksBuildPhase section */

/* Begin PBXGroup section */
		1F53AC43202EA3D7008014FF = {
			isa = PBXGroup;
			children = (
				1F53AC4E202EA3D8008014FF /* CatNap */,
				1F53AC4D202EA3D8008014FF /* Products */,
			);
			sourceTree = "<group>";
		};
		1F53AC4D202EA3D8008014FF /* Products */ = {
			isa = PBXGroup;
			children = (
				1F53AC4C202EA3D8008014FF /* CatNap.app */,
			);
			name = Products;
			sourceTree = "<group>";
		};
		1F53AC4E202EA3D8008014FF /* CatNap */ = {
			isa = PBXGroup;
			children = (
				1F53AC7220323635008014FF /* Scenes */,
				1F53AC6720322FB4008014FF /* Sounds */,
				1F53AC4F202EA3D8008014FF /* AppDelegate.swift */,
				1F53AC53202EA3D8008014FF /* Actions.sks */,
				1F53AC55202EA3D8008014FF /* GameScene.swift */,
				1F53AC57202EA3D8008014FF /* GameViewController.swift */,
				1F53AC59202EA3D8008014FF /* Main.storyboard */,
				1F53AC5C202EA3D8008014FF /* Assets.xcassets */,
				1F53AC5E202EA3D8008014FF /* LaunchScreen.storyboard */,
				1F53AC61202EA3D8008014FF /* Info.plist */,
			);
			path = CatNap;
			sourceTree = "<group>";
		};
		1F53AC6720322FB4008014FF /* Sounds */ = {
			isa = PBXGroup;
			children = (
				1F53AC6820322FB4008014FF /* mrreow.mp3 */,
				1F53AC6920322FB4008014FF /* pop.mp3 */,
				1F53AC6A20322FB4008014FF /* win.mp3 */,
				1F53AC6B20322FB4008014FF /* lose.mp3 */,
				1F53AC6C20322FB4008014FF /* backgroundMusic.mp3 */,
			);
			path = Sounds;
			sourceTree = "<group>";
		};
		1F53AC7220323635008014FF /* Scenes */ = {
			isa = PBXGroup;
			children = (
				1F53AC51202EA3D8008014FF /* GameScene.sks */,
				1F53AC732032369B008014FF /* Cat.sks */,
			);
			path = Scenes;
			sourceTree = "<group>";
		};
/* End PBXGroup section */

/* Begin PBXNativeTarget section */
		1F53AC4B202EA3D8008014FF /* CatNap */ = {
			isa = PBXNativeTarget;
			buildConfigurationList = 1F53AC64202EA3D8008014FF /* Build configuration list for PBXNativeTarget "CatNap" */;
			buildPhases = (
				1F53AC48202EA3D8008014FF /* Sources */,
				1F53AC49202EA3D8008014FF /* Frameworks */,
				1F53AC4A202EA3D8008014FF /* Resources */,
			);
			buildRules = (
			);
			dependencies = (
			);
			name = CatNap;
			productName = CatNap;
			productReference = 1F53AC4C202EA3D8008014FF /* CatNap.app */;
			productType = "com.apple.product-type.application";
		};
/* End PBXNativeTarget section */

/* Begin PBXProject section */
		1F53AC44202EA3D7008014FF /* Project object */ = {
			isa = PBXProject;
			attributes = {
				LastSwiftUpdateCheck = 0920;
				LastUpgradeCheck = 0920;
				ORGANIZATIONNAME = "Christine Buell";
				TargetAttributes = {
					1F53AC4B202EA3D8008014FF = {
						CreatedOnToolsVersion = 9.2;
						ProvisioningStyle = Automatic;
					};
				};
			};
			buildConfigurationList = 1F53AC47202EA3D7008014FF /* Build configuration list for PBXProject "CatNap" */;
			compatibilityVersion = "Xcode 8.0";
			developmentRegion = en;
			hasScannedForEncodings = 0;
			knownRegions = (
				en,
				Base,
			);
			mainGroup = 1F53AC43202EA3D7008014FF;
			productRefGroup = 1F53AC4D202EA3D8008014FF /* Products */;
			projectDirPath = "";
			projectRoot = "";
			targets = (
				1F53AC4B202EA3D8008014FF /* CatNap */,
			);
		};
/* End PBXProject section */

/* Begin PBXResourcesBuildPhase section */
		1F53AC4A202EA3D8008014FF /* Resources */ = {
			isa = PBXResourcesBuildPhase;
			buildActionMask = 2147483647;
			files = (
				1F53AC5B202EA3D8008014FF /* Main.storyboard in Resources */,
				1F53AC52202EA3D8008014FF /* GameScene.sks in Resources */,
				1F53AC7020322FB4008014FF /* lose.mp3 in Resources */,
				1F53AC5D202EA3D8008014FF /* Assets.xcassets in Resources */,
				1F53AC6F20322FB4008014FF /* win.mp3 in Resources */,
				1F53AC60202EA3D8008014FF /* LaunchScreen.storyboard in Resources */,
				1F53AC6D20322FB4008014FF /* mrreow.mp3 in Resources */,
				1F53AC6E20322FB4008014FF /* pop.mp3 in Resources */,
				1F53AC7120322FB4008014FF /* backgroundMusic.mp3 in Resources */,
				1F53AC54202EA3D8008014FF /* Actions.sks in Resources */,
				1F53AC742032369B008014FF /* Cat.sks in Resources */,
			);
			runOnlyForDeploymentPostprocessing = 0;
		};
/* End PBXResourcesBuildPhase section */

/* Begin PBXSourcesBuildPhase section */
		1F53AC48202EA3D8008014FF /* Sources */ = {
			isa = PBXSourcesBuildPhase;
			buildActionMask = 2147483647;
			files = (
				1F53AC56202EA3D8008014FF /* GameScene.swift in Sources */,
				1F53AC58202EA3D8008014FF /* GameViewController.swift in Sources */,
				1F53AC50202EA3D8008014FF /* AppDelegate.swift in Sources */,
			);
			runOnlyForDeploymentPostprocessing = 0;
		};
/* End PBXSourcesBuildPhase section */

/* Begin PBXVariantGroup section */
		1F53AC59202EA3D8008014FF /* Main.storyboard */ = {
			isa = PBXVariantGroup;
			children = (
				1F53AC5A202EA3D8008014FF /* Base */,
			);
			name = Main.storyboard;
			sourceTree = "<group>";
		};
		1F53AC5E202EA3D8008014FF /* LaunchScreen.storyboard */ = {
			isa = PBXVariantGroup;
			children = (
				1F53AC5F202EA3D8008014FF /* Base */,
			);
			name = LaunchScreen.storyboard;
			sourceTree = "<group>";
		};
/* End PBXVariantGroup section */

/* Begin XCBuildConfiguration section */
		1F53AC62202EA3D8008014FF /* Debug */ = {
			isa = XCBuildConfiguration;
			buildSettings = {
				ALWAYS_SEARCH_USER_PATHS = NO;
				CLANG_ANALYZER_NONNULL = YES;
				CLANG_ANALYZER_NUMBER_OBJECT_CONVERSION = YES_AGGRESSIVE;
				CLANG_CXX_LANGUAGE_STANDARD = "gnu++14";
				CLANG_CXX_LIBRARY = "libc++";
				CLANG_ENABLE_MODULES = YES;
				CLANG_ENABLE_OBJC_ARC = YES;
				CLANG_WARN_BLOCK_CAPTURE_AUTORELEASING = YES;
				CLANG_WARN_BOOL_CONVERSION = YES;
				CLANG_WARN_COMMA = YES;
				CLANG_WARN_CONSTANT_CONVERSION = YES;
				CLANG_WARN_DIRECT_OBJC_ISA_USAGE = YES_ERROR;
				CLANG_WARN_DOCUMENTATION_COMMENTS = YES;
				CLANG_WARN_EMPTY_BODY = YES;
				CLANG_WARN_ENUM_CONVERSION = YES;
				CLANG_WARN_INFINITE_RECURSION = YES;
				CLANG_WARN_INT_CONVERSION = YES;
				CLANG_WARN_NON_LITERAL_NULL_CONVERSION = YES;
				CLANG_WARN_OBJC_LITERAL_CONVERSION = YES;
				CLANG_WARN_OBJC_ROOT_CLASS = YES_ERROR;
				CLANG_WARN_RANGE_LOOP_ANALYSIS = YES;
				CLANG_WARN_STRICT_PROTOTYPES = YES;
				CLANG_WARN_SUSPICIOUS_MOVE = YES;
				CLANG_WARN_UNGUARDED_AVAILABILITY = YES_AGGRESSIVE;
				CLANG_WARN_UNREACHABLE_CODE = YES;
				CLANG_WARN__DUPLICATE_METHOD_MATCH = YES;
				CODE_SIGN_IDENTITY = "iPhone Developer";
				COPY_PHASE_STRIP = NO;
				DEBUG_INFORMATION_FORMAT = dwarf;
				ENABLE_STRICT_OBJC_MSGSEND = YES;
				ENABLE_TESTABILITY = YES;
				GCC_C_LANGUAGE_STANDARD = gnu11;
				GCC_DYNAMIC_NO_PIC = NO;
				GCC_NO_COMMON_BLOCKS = YES;
				GCC_OPTIMIZATION_LEVEL = 0;
				GCC_PREPROCESSOR_DEFINITIONS = (
					"DEBUG=1",
					"$(inherited)",
				);
				GCC_WARN_64_TO_32_BIT_CONVERSION = YES;
				GCC_WARN_ABOUT_RETURN_TYPE = YES_ERROR;
				GCC_WARN_UNDECLARED_SELECTOR = YES;
				GCC_WARN_UNINITIALIZED_AUTOS = YES_AGGRESSIVE;
				GCC_WARN_UNUSED_FUNCTION = YES;
				GCC_WARN_UNUSED_VARIABLE = YES;
				IPHONEOS_DEPLOYMENT_TARGET = 11.2;
				MTL_ENABLE_DEBUG_INFO = YES;
				ONLY_ACTIVE_ARCH = YES;
				SDKROOT = iphoneos;
				SWIFT_ACTIVE_COMPILATION_CONDITIONS = DEBUG;
				SWIFT_OPTIMIZATION_LEVEL = "-Onone";
			};
			name = Debug;
		};
		1F53AC63202EA3D8008014FF /* Release */ = {
			isa = XCBuildConfiguration;
			buildSettings = {
				ALWAYS_SEARCH_USER_PATHS = NO;
				CLANG_ANALYZER_NONNULL = YES;
				CLANG_ANALYZER_NUMBER_OBJECT_CONVERSION = YES_AGGRESSIVE;
				CLANG_CXX_LANGUAGE_STANDARD = "gnu++14";
				CLANG_CXX_LIBRARY = "libc++";
				CLANG_ENABLE_MODULES = YES;
				CLANG_ENABLE_OBJC_ARC = YES;
				CLANG_WARN_BLOCK_CAPTURE_AUTORELEASING = YES;
				CLANG_WARN_BOOL_CONVERSION = YES;
				CLANG_WARN_COMMA = YES;
				CLANG_WARN_CONSTANT_CONVERSION = YES;
				CLANG_WARN_DIRECT_OBJC_ISA_USAGE = YES_ERROR;
				CLANG_WARN_DOCUMENTATION_COMMENTS = YES;
				CLANG_WARN_EMPTY_BODY = YES;
				CLANG_WARN_ENUM_CONVERSION = YES;
				CLANG_WARN_INFINITE_RECURSION = YES;
				CLANG_WARN_INT_CONVERSION = YES;
				CLANG_WARN_NON_LITERAL_NULL_CONVERSION = YES;
				CLANG_WARN_OBJC_LITERAL_CONVERSION = YES;
				CLANG_WARN_OBJC_ROOT_CLASS = YES_ERROR;
				CLANG_WARN_RANGE_LOOP_ANALYSIS = YES;
				CLANG_WARN_STRICT_PROTOTYPES = YES;
				CLANG_WARN_SUSPICIOUS_MOVE = YES;
				CLANG_WARN_UNGUARDED_AVAILABILITY = YES_AGGRESSIVE;
				CLANG_WARN_UNREACHABLE_CODE = YES;
				CLANG_WARN__DUPLICATE_METHOD_MATCH = YES;
				CODE_SIGN_IDENTITY = "iPhone Developer";
				COPY_PHASE_STRIP = NO;
				DEBUG_INFORMATION_FORMAT = "dwarf-with-dsym";
				ENABLE_NS_ASSERTIONS = NO;
				ENABLE_STRICT_OBJC_MSGSEND = YES;
				GCC_C_LANGUAGE_STANDARD = gnu11;
				GCC_NO_COMMON_BLOCKS = YES;
				GCC_WARN_64_TO_32_BIT_CONVERSION = YES;
				GCC_WARN_ABOUT_RETURN_TYPE = YES_ERROR;
				GCC_WARN_UNDECLARED_SELECTOR = YES;
				GCC_WARN_UNINITIALIZED_AUTOS = YES_AGGRESSIVE;
				GCC_WARN_UNUSED_FUNCTION = YES;
				GCC_WARN_UNUSED_VARIABLE = YES;
				IPHONEOS_DEPLOYMENT_TARGET = 11.2;
				MTL_ENABLE_DEBUG_INFO = NO;
				SDKROOT = iphoneos;
				SWIFT_OPTIMIZATION_LEVEL = "-Owholemodule";
				VALIDATE_PRODUCT = YES;
			};
			name = Release;
		};
		1F53AC65202EA3D8008014FF /* Debug */ = {
			isa = XCBuildConfiguration;
			buildSettings = {
				ASSETCATALOG_COMPILER_APPICON_NAME = AppIcon;
				CODE_SIGN_STYLE = Automatic;
				DEVELOPMENT_TEAM = YDDYACW55L;
				INFOPLIST_FILE = CatNap/Info.plist;
				LD_RUNPATH_SEARCH_PATHS = "$(inherited) @executable_path/Frameworks";
				PRODUCT_BUNDLE_IDENTIFIER = com.tinylzrd.CatNap;
				PRODUCT_NAME = "$(TARGET_NAME)";
				SWIFT_VERSION = 4.0;
				TARGETED_DEVICE_FAMILY = "1,2";
			};
			name = Debug;
		};
		1F53AC66202EA3D8008014FF /* Release */ = {
			isa = XCBuildConfiguration;
			buildSettings = {
				ASSETCATALOG_COMPILER_APPICON_NAME = AppIcon;
				CODE_SIGN_STYLE = Automatic;
				DEVELOPMENT_TEAM = YDDYACW55L;
				INFOPLIST_FILE = CatNap/Info.plist;
				LD_RUNPATH_SEARCH_PATHS = "$(inherited) @executable_path/Frameworks";
				PRODUCT_BUNDLE_IDENTIFIER = com.tinylzrd.CatNap;
				PRODUCT_NAME = "$(TARGET_NAME)";
				SWIFT_VERSION = 4.0;
				TARGETED_DEVICE_FAMILY = "1,2";
			};
			name = Release;
		};
/* End XCBuildConfiguration section */

/* Begin XCConfigurationList section */
		1F53AC47202EA3D7008014FF /* Build configuration list for PBXProject "CatNap" */ = {
			isa = XCConfigurationList;
			buildConfigurations = (
				1F53AC62202EA3D8008014FF /* Debug */,
				1F53AC63202EA3D8008014FF /* Release */,
			);
			defaultConfigurationIsVisible = 0;
			defaultConfigurationName = Release;
		};
		1F53AC64202EA3D8008014FF /* Build configuration list for PBXNativeTarget "CatNap" */ = {
			isa = XCConfigurationList;
			buildConfigurations = (
				1F53AC65202EA3D8008014FF /* Debug */,
				1F53AC66202EA3D8008014FF /* Release */,
			);
			defaultConfigurationIsVisible = 0;
			defaultConfigurationName = Release;
		};
/* End XCConfigurationList section */
	};
	rootObject = 1F53AC44202EA3D7008014FF /* Project object */;
}
